// !$*UTF8*$!
{
	archiveVersion = 1;
	classes = {
	};
	objectVersion = 50;
	objects = {

/* Begin PBXBuildFile section */
		A532B5F92646CF2700B07707 /* TimedShotApp.swift in Sources */ = {isa = PBXBuildFile; fileRef = A532B5F82646CF2700B07707 /* TimedShotApp.swift */; };
		A532B5FB2646CF2700B07707 /* CameraView.swift in Sources */ = {isa = PBXBuildFile; fileRef = A532B5FA2646CF2700B07707 /* CameraView.swift */; };
		A532B5FD2646CF2800B07707 /* Assets.xcassets in Resources */ = {isa = PBXBuildFile; fileRef = A532B5FC2646CF2800B07707 /* Assets.xcassets */; };
		A532B6002646CF2800B07707 /* Preview Assets.xcassets in Resources */ = {isa = PBXBuildFile; fileRef = A532B5FF2646CF2800B07707 /* Preview Assets.xcassets */; };
		A532B6112646CF6200B07707 /* IntentHandler.swift in Sources */ = {isa = PBXBuildFile; fileRef = A532B6102646CF6200B07707 /* IntentHandler.swift */; };
		A532B6152646CF6200B07707 /* TimedShotIntent.appex in Embed App Extensions */ = {isa = PBXBuildFile; fileRef = A532B60B2646CF6200B07707 /* TimedShotIntent.appex */; settings = {ATTRIBUTES = (RemoveHeadersOnCopy, ); }; };
		A532B61D2646CFF100B07707 /* Intents.intentdefinition in Sources */ = {isa = PBXBuildFile; fileRef = A532B61B2646CFF100B07707 /* Intents.intentdefinition */; };
		A532B6202646E6D900B07707 /* Intents.framework in Frameworks */ = {isa = PBXBuildFile; fileRef = A532B60D2646CF6200B07707 /* Intents.framework */; };
		A5DACB6026478F84000A8248 /* Intents.intentdefinition in Sources */ = {isa = PBXBuildFile; fileRef = A532B61B2646CFF100B07707 /* Intents.intentdefinition */; };
/* End PBXBuildFile section */

/* Begin PBXContainerItemProxy section */
		A532B6132646CF6200B07707 /* PBXContainerItemProxy */ = {
			isa = PBXContainerItemProxy;
			containerPortal = A532B5ED2646CF2700B07707 /* Project object */;
			proxyType = 1;
			remoteGlobalIDString = A532B60A2646CF6200B07707;
			remoteInfo = SiriTestIntent;
		};
		A5DACB5E26472E2F000A8248 /* PBXContainerItemProxy */ = {
			isa = PBXContainerItemProxy;
			containerPortal = A532B5ED2646CF2700B07707 /* Project object */;
			proxyType = 1;
			remoteGlobalIDString = A532B60A2646CF6200B07707;
			remoteInfo = TimedShotIntent;
		};
/* End PBXContainerItemProxy section */

/* Begin PBXCopyFilesBuildPhase section */
		A532B6192646CF6200B07707 /* Embed App Extensions */ = {
			isa = PBXCopyFilesBuildPhase;
			buildActionMask = 2147483647;
			dstPath = "";
			dstSubfolderSpec = 13;
			files = (
				A532B6152646CF6200B07707 /* TimedShotIntent.appex in Embed App Extensions */,
			);
			name = "Embed App Extensions";
			runOnlyForDeploymentPostprocessing = 0;
		};
/* End PBXCopyFilesBuildPhase section */

/* Begin PBXFileReference section */
		A532B5F52646CF2700B07707 /* TimedShot.app */ = {isa = PBXFileReference; explicitFileType = wrapper.application; includeInIndex = 0; path = TimedShot.app; sourceTree = BUILT_PRODUCTS_DIR; };
		A532B5F82646CF2700B07707 /* TimedShotApp.swift */ = {isa = PBXFileReference; lastKnownFileType = sourcecode.swift; path = TimedShotApp.swift; sourceTree = "<group>"; };
		A532B5FA2646CF2700B07707 /* CameraView.swift */ = {isa = PBXFileReference; lastKnownFileType = sourcecode.swift; path = CameraView.swift; sourceTree = "<group>"; };
		A532B5FC2646CF2800B07707 /* Assets.xcassets */ = {isa = PBXFileReference; lastKnownFileType = folder.assetcatalog; path = Assets.xcassets; sourceTree = "<group>"; };
		A532B5FF2646CF2800B07707 /* Preview Assets.xcassets */ = {isa = PBXFileReference; lastKnownFileType = folder.assetcatalog; path = "Preview Assets.xcassets"; sourceTree = "<group>"; };
		A532B6012646CF2800B07707 /* Info.plist */ = {isa = PBXFileReference; lastKnownFileType = text.plist.xml; path = Info.plist; sourceTree = "<group>"; };
		A532B60B2646CF6200B07707 /* TimedShotIntent.appex */ = {isa = PBXFileReference; explicitFileType = "wrapper.app-extension"; includeInIndex = 0; path = TimedShotIntent.appex; sourceTree = BUILT_PRODUCTS_DIR; };
		A532B60D2646CF6200B07707 /* Intents.framework */ = {isa = PBXFileReference; lastKnownFileType = wrapper.framework; name = Intents.framework; path = System/Library/Frameworks/Intents.framework; sourceTree = SDKROOT; };
		A532B6102646CF6200B07707 /* IntentHandler.swift */ = {isa = PBXFileReference; lastKnownFileType = sourcecode.swift; path = IntentHandler.swift; sourceTree = "<group>"; };
		A532B6122646CF6200B07707 /* Info.plist */ = {isa = PBXFileReference; lastKnownFileType = text.plist.xml; path = Info.plist; sourceTree = "<group>"; };
		A532B61A2646CF8600B07707 /* TimedShot.entitlements */ = {isa = PBXFileReference; lastKnownFileType = text.plist.entitlements; path = TimedShot.entitlements; sourceTree = "<group>"; };
		A532B61B2646CFF100B07707 /* Intents.intentdefinition */ = {isa = PBXFileReference; lastKnownFileType = file.intentdefinition; path = Intents.intentdefinition; sourceTree = "<group>"; };
		A532B6282646EC4100B07707 /* IntentsUI.framework */ = {isa = PBXFileReference; lastKnownFileType = wrapper.framework; name = IntentsUI.framework; path = System/Library/Frameworks/IntentsUI.framework; sourceTree = SDKROOT; };
		A532B6372647056400B07707 /* TimedShotIntent.entitlements */ = {isa = PBXFileReference; lastKnownFileType = text.plist.entitlements; path = TimedShotIntent.entitlements; sourceTree = "<group>"; };
/* End PBXFileReference section */

/* Begin PBXFrameworksBuildPhase section */
		A532B5F22646CF2700B07707 /* Frameworks */ = {
			isa = PBXFrameworksBuildPhase;
			buildActionMask = 2147483647;
			files = (
			);
			runOnlyForDeploymentPostprocessing = 0;
		};
		A532B6082646CF6200B07707 /* Frameworks */ = {
			isa = PBXFrameworksBuildPhase;
			buildActionMask = 2147483647;
			files = (
				A532B6202646E6D900B07707 /* Intents.framework in Frameworks */,
			);
			runOnlyForDeploymentPostprocessing = 0;
		};
/* End PBXFrameworksBuildPhase section */

/* Begin PBXGroup section */
		A532B5EC2646CF2700B07707 = {
			isa = PBXGroup;
			children = (
				A532B5F72646CF2700B07707 /* TimedShot */,
				A532B60F2646CF6200B07707 /* TimedShotIntent */,
				A532B60C2646CF6200B07707 /* Frameworks */,
				A532B5F62646CF2700B07707 /* Products */,
			);
			sourceTree = "<group>";
			usesTabs = 1;
		};
		A532B5F62646CF2700B07707 /* Products */ = {
			isa = PBXGroup;
			children = (
				A532B5F52646CF2700B07707 /* TimedShot.app */,
				A532B60B2646CF6200B07707 /* TimedShotIntent.appex */,
			);
			name = Products;
			sourceTree = "<group>";
		};
		A532B5F72646CF2700B07707 /* TimedShot */ = {
			isa = PBXGroup;
			children = (
				A532B61A2646CF8600B07707 /* TimedShot.entitlements */,
				A532B5F82646CF2700B07707 /* TimedShotApp.swift */,
				A532B5FA2646CF2700B07707 /* CameraView.swift */,
				A532B5FC2646CF2800B07707 /* Assets.xcassets */,
				A532B6012646CF2800B07707 /* Info.plist */,
				A532B5FE2646CF2800B07707 /* Preview Content */,
			);
			path = TimedShot;
			sourceTree = "<group>";
		};
		A532B5FE2646CF2800B07707 /* Preview Content */ = {
			isa = PBXGroup;
			children = (
				A532B5FF2646CF2800B07707 /* Preview Assets.xcassets */,
			);
			path = "Preview Content";
			sourceTree = "<group>";
		};
		A532B60C2646CF6200B07707 /* Frameworks */ = {
			isa = PBXGroup;
			children = (
				A532B60D2646CF6200B07707 /* Intents.framework */,
				A532B6282646EC4100B07707 /* IntentsUI.framework */,
			);
			name = Frameworks;
			sourceTree = "<group>";
		};
		A532B60F2646CF6200B07707 /* TimedShotIntent */ = {
			isa = PBXGroup;
			children = (
				A532B6372647056400B07707 /* TimedShotIntent.entitlements */,
				A532B6102646CF6200B07707 /* IntentHandler.swift */,
				A532B6122646CF6200B07707 /* Info.plist */,
				A532B61B2646CFF100B07707 /* Intents.intentdefinition */,
			);
			path = TimedShotIntent;
			sourceTree = "<group>";
		};
/* End PBXGroup section */

/* Begin PBXNativeTarget section */
		A532B5F42646CF2700B07707 /* TimedShot */ = {
			isa = PBXNativeTarget;
			buildConfigurationList = A532B6042646CF2800B07707 /* Build configuration list for PBXNativeTarget "TimedShot" */;
			buildPhases = (
				A532B5F12646CF2700B07707 /* Sources */,
				A532B5F22646CF2700B07707 /* Frameworks */,
				A532B5F32646CF2700B07707 /* Resources */,
				A532B6192646CF6200B07707 /* Embed App Extensions */,
			);
			buildRules = (
			);
			dependencies = (
				A532B6142646CF6200B07707 /* PBXTargetDependency */,
				A5DACB5F26472E2F000A8248 /* PBXTargetDependency */,
			);
			name = TimedShot;
			productName = SiriTest;
			productReference = A532B5F52646CF2700B07707 /* TimedShot.app */;
			productType = "com.apple.product-type.application";
		};
		A532B60A2646CF6200B07707 /* TimedShotIntent */ = {
			isa = PBXNativeTarget;
			buildConfigurationList = A532B6162646CF6200B07707 /* Build configuration list for PBXNativeTarget "TimedShotIntent" */;
			buildPhases = (
				A532B6072646CF6200B07707 /* Sources */,
				A532B6082646CF6200B07707 /* Frameworks */,
				A532B6092646CF6200B07707 /* Resources */,
			);
			buildRules = (
			);
			dependencies = (
			);
			name = TimedShotIntent;
			productName = SiriTestIntent;
			productReference = A532B60B2646CF6200B07707 /* TimedShotIntent.appex */;
			productType = "com.apple.product-type.app-extension";
		};
/* End PBXNativeTarget section */

/* Begin PBXProject section */
		A532B5ED2646CF2700B07707 /* Project object */ = {
			isa = PBXProject;
			attributes = {
				LastSwiftUpdateCheck = 1250;
				LastUpgradeCheck = 1250;
				TargetAttributes = {
					A532B5F42646CF2700B07707 = {
						CreatedOnToolsVersion = 12.5;
					};
					A532B60A2646CF6200B07707 = {
						CreatedOnToolsVersion = 12.5;
					};
				};
			};
			buildConfigurationList = A532B5F02646CF2700B07707 /* Build configuration list for PBXProject "TimedShot" */;
			compatibilityVersion = "Xcode 9.3";
			developmentRegion = en;
			hasScannedForEncodings = 0;
			knownRegions = (
				en,
				Base,
			);
			mainGroup = A532B5EC2646CF2700B07707;
			productRefGroup = A532B5F62646CF2700B07707 /* Products */;
			projectDirPath = "";
			projectRoot = "";
			targets = (
				A532B5F42646CF2700B07707 /* TimedShot */,
				A532B60A2646CF6200B07707 /* TimedShotIntent */,
			);
		};
/* End PBXProject section */

/* Begin PBXResourcesBuildPhase section */
		A532B5F32646CF2700B07707 /* Resources */ = {
			isa = PBXResourcesBuildPhase;
			buildActionMask = 2147483647;
			files = (
				A532B6002646CF2800B07707 /* Preview Assets.xcassets in Resources */,
				A532B5FD2646CF2800B07707 /* Assets.xcassets in Resources */,
			);
			runOnlyForDeploymentPostprocessing = 0;
		};
		A532B6092646CF6200B07707 /* Resources */ = {
			isa = PBXResourcesBuildPhase;
			buildActionMask = 2147483647;
			files = (
			);
			runOnlyForDeploymentPostprocessing = 0;
		};
/* End PBXResourcesBuildPhase section */

/* Begin PBXSourcesBuildPhase section */
		A532B5F12646CF2700B07707 /* Sources */ = {
			isa = PBXSourcesBuildPhase;
			buildActionMask = 2147483647;
			files = (
				A5DACB6026478F84000A8248 /* Intents.intentdefinition in Sources */,
				A532B5FB2646CF2700B07707 /* CameraView.swift in Sources */,
				A532B5F92646CF2700B07707 /* TimedShotApp.swift in Sources */,
			);
			runOnlyForDeploymentPostprocessing = 0;
		};
		A532B6072646CF6200B07707 /* Sources */ = {
			isa = PBXSourcesBuildPhase;
			buildActionMask = 2147483647;
			files = (
				A532B61D2646CFF100B07707 /* Intents.intentdefinition in Sources */,
				A532B6112646CF6200B07707 /* IntentHandler.swift in Sources */,
			);
			runOnlyForDeploymentPostprocessing = 0;
		};
/* End PBXSourcesBuildPhase section */

/* Begin PBXTargetDependency section */
		A532B6142646CF6200B07707 /* PBXTargetDependency */ = {
			isa = PBXTargetDependency;
			target = A532B60A2646CF6200B07707 /* TimedShotIntent */;
			targetProxy = A532B6132646CF6200B07707 /* PBXContainerItemProxy */;
		};
		A5DACB5F26472E2F000A8248 /* PBXTargetDependency */ = {
			isa = PBXTargetDependency;
			target = A532B60A2646CF6200B07707 /* TimedShotIntent */;
			targetProxy = A5DACB5E26472E2F000A8248 /* PBXContainerItemProxy */;
		};
/* End PBXTargetDependency section */

/* Begin XCBuildConfiguration section */
		A532B6022646CF2800B07707 /* Debug */ = {
			isa = XCBuildConfiguration;
			buildSettings = {
				ALWAYS_SEARCH_USER_PATHS = NO;
				CLANG_ANALYZER_NONNULL = YES;
				CLANG_ANALYZER_NUMBER_OBJECT_CONVERSION = YES_AGGRESSIVE;
				CLANG_CXX_LANGUAGE_STANDARD = "gnu++14";
				CLANG_CXX_LIBRARY = "libc++";
				CLANG_ENABLE_MODULES = YES;
				CLANG_ENABLE_OBJC_ARC = YES;
				CLANG_ENABLE_OBJC_WEAK = YES;
				CLANG_WARN_BLOCK_CAPTURE_AUTORELEASING = YES;
				CLANG_WARN_BOOL_CONVERSION = YES;
				CLANG_WARN_COMMA = YES;
				CLANG_WARN_CONSTANT_CONVERSION = YES;
				CLANG_WARN_DEPRECATED_OBJC_IMPLEMENTATIONS = YES;
				CLANG_WARN_DIRECT_OBJC_ISA_USAGE = YES_ERROR;
				CLANG_WARN_DOCUMENTATION_COMMENTS = YES;
				CLANG_WARN_EMPTY_BODY = YES;
				CLANG_WARN_ENUM_CONVERSION = YES;
				CLANG_WARN_INFINITE_RECURSION = YES;
				CLANG_WARN_INT_CONVERSION = YES;
				CLANG_WARN_NON_LITERAL_NULL_CONVERSION = YES;
				CLANG_WARN_OBJC_IMPLICIT_RETAIN_SELF = YES;
				CLANG_WARN_OBJC_LITERAL_CONVERSION = YES;
				CLANG_WARN_OBJC_ROOT_CLASS = YES_ERROR;
				CLANG_WARN_QUOTED_INCLUDE_IN_FRAMEWORK_HEADER = YES;
				CLANG_WARN_RANGE_LOOP_ANALYSIS = YES;
				CLANG_WARN_STRICT_PROTOTYPES = YES;
				CLANG_WARN_SUSPICIOUS_MOVE = YES;
				CLANG_WARN_UNGUARDED_AVAILABILITY = YES_AGGRESSIVE;
				CLANG_WARN_UNREACHABLE_CODE = YES;
				CLANG_WARN__DUPLICATE_METHOD_MATCH = YES;
				COPY_PHASE_STRIP = NO;
				DEBUG_INFORMATION_FORMAT = dwarf;
				ENABLE_STRICT_OBJC_MSGSEND = YES;
				ENABLE_TESTABILITY = YES;
				GCC_C_LANGUAGE_STANDARD = gnu11;
				GCC_DYNAMIC_NO_PIC = NO;
				GCC_NO_COMMON_BLOCKS = YES;
				GCC_OPTIMIZATION_LEVEL = 0;
				GCC_PREPROCESSOR_DEFINITIONS = (
					"DEBUG=1",
					"$(inherited)",
				);
				GCC_WARN_64_TO_32_BIT_CONVERSION = YES;
				GCC_WARN_ABOUT_RETURN_TYPE = YES_ERROR;
				GCC_WARN_UNDECLARED_SELECTOR = YES;
				GCC_WARN_UNINITIALIZED_AUTOS = YES_AGGRESSIVE;
				GCC_WARN_UNUSED_FUNCTION = YES;
				GCC_WARN_UNUSED_VARIABLE = YES;
				IPHONEOS_DEPLOYMENT_TARGET = 14.5;
				MTL_ENABLE_DEBUG_INFO = INCLUDE_SOURCE;
				MTL_FAST_MATH = YES;
				ONLY_ACTIVE_ARCH = YES;
				SDKROOT = iphoneos;
				SWIFT_ACTIVE_COMPILATION_CONDITIONS = DEBUG;
				SWIFT_OPTIMIZATION_LEVEL = "-Onone";
			};
			name = Debug;
		};
		A532B6032646CF2800B07707 /* Release */ = {
			isa = XCBuildConfiguration;
			buildSettings = {
				ALWAYS_SEARCH_USER_PATHS = NO;
				CLANG_ANALYZER_NONNULL = YES;
				CLANG_ANALYZER_NUMBER_OBJECT_CONVERSION = YES_AGGRESSIVE;
				CLANG_CXX_LANGUAGE_STANDARD = "gnu++14";
				CLANG_CXX_LIBRARY = "libc++";
				CLANG_ENABLE_MODULES = YES;
				CLANG_ENABLE_OBJC_ARC = YES;
				CLANG_ENABLE_OBJC_WEAK = YES;
				CLANG_WARN_BLOCK_CAPTURE_AUTORELEASING = YES;
				CLANG_WARN_BOOL_CONVERSION = YES;
				CLANG_WARN_COMMA = YES;
				CLANG_WARN_CONSTANT_CONVERSION = YES;
				CLANG_WARN_DEPRECATED_OBJC_IMPLEMENTATIONS = YES;
				CLANG_WARN_DIRECT_OBJC_ISA_USAGE = YES_ERROR;
				CLANG_WARN_DOCUMENTATION_COMMENTS = YES;
				CLANG_WARN_EMPTY_BODY = YES;
				CLANG_WARN_ENUM_CONVERSION = YES;
				CLANG_WARN_INFINITE_RECURSION = YES;
				CLANG_WARN_INT_CONVERSION = YES;
				CLANG_WARN_NON_LITERAL_NULL_CONVERSION = YES;
				CLANG_WARN_OBJC_IMPLICIT_RETAIN_SELF = YES;
				CLANG_WARN_OBJC_LITERAL_CONVERSION = YES;
				CLANG_WARN_OBJC_ROOT_CLASS = YES_ERROR;
				CLANG_WARN_QUOTED_INCLUDE_IN_FRAMEWORK_HEADER = YES;
				CLANG_WARN_RANGE_LOOP_ANALYSIS = YES;
				CLANG_WARN_STRICT_PROTOTYPES = YES;
				CLANG_WARN_SUSPICIOUS_MOVE = YES;
				CLANG_WARN_UNGUARDED_AVAILABILITY = YES_AGGRESSIVE;
				CLANG_WARN_UNREACHABLE_CODE = YES;
				CLANG_WARN__DUPLICATE_METHOD_MATCH = YES;
				COPY_PHASE_STRIP = NO;
				DEBUG_INFORMATION_FORMAT = "dwarf-with-dsym";
				ENABLE_NS_ASSERTIONS = NO;
				ENABLE_STRICT_OBJC_MSGSEND = YES;
				GCC_C_LANGUAGE_STANDARD = gnu11;
				GCC_NO_COMMON_BLOCKS = YES;
				GCC_WARN_64_TO_32_BIT_CONVERSION = YES;
				GCC_WARN_ABOUT_RETURN_TYPE = YES_ERROR;
				GCC_WARN_UNDECLARED_SELECTOR = YES;
				GCC_WARN_UNINITIALIZED_AUTOS = YES_AGGRESSIVE;
				GCC_WARN_UNUSED_FUNCTION = YES;
				GCC_WARN_UNUSED_VARIABLE = YES;
				IPHONEOS_DEPLOYMENT_TARGET = 14.5;
				MTL_ENABLE_DEBUG_INFO = NO;
				MTL_FAST_MATH = YES;
				SDKROOT = iphoneos;
				SWIFT_COMPILATION_MODE = wholemodule;
				SWIFT_OPTIMIZATION_LEVEL = "-O";
				VALIDATE_PRODUCT = YES;
			};
			name = Release;
		};
		A532B6052646CF2800B07707 /* Debug */ = {
			isa = XCBuildConfiguration;
			buildSettings = {
				ALWAYS_EMBED_SWIFT_STANDARD_LIBRARIES = YES;
				ASSETCATALOG_COMPILER_APPICON_NAME = AppIcon;
				ASSETCATALOG_COMPILER_GLOBAL_ACCENT_COLOR_NAME = AccentColor;
				CODE_SIGN_ENTITLEMENTS = TimedShot/TimedShot.entitlements;
				CODE_SIGN_STYLE = Automatic;
				DEVELOPMENT_ASSET_PATHS = "TimedShot/Preview\\ Content";
				DEVELOPMENT_TEAM = UUG3WHTUZF;
				ENABLE_PREVIEWS = YES;
				INFOPLIST_FILE = TimedShot/Info.plist;
				IPHONEOS_DEPLOYMENT_TARGET = 14.5;
				LD_RUNPATH_SEARCH_PATHS = (
					"$(inherited)",
					"@executable_path/Frameworks",
				);
				PRODUCT_BUNDLE_IDENTIFIER = com.dinkdonk.TimedShot;
				PRODUCT_NAME = "$(TARGET_NAME)";
				SWIFT_VERSION = 5.0;
				TARGETED_DEVICE_FAMILY = "1,2";
			};
			name = Debug;
		};
		A532B6062646CF2800B07707 /* Release */ = {
			isa = XCBuildConfiguration;
			buildSettings = {
				ALWAYS_EMBED_SWIFT_STANDARD_LIBRARIES = YES;
				ASSETCATALOG_COMPILER_APPICON_NAME = AppIcon;
				ASSETCATALOG_COMPILER_GLOBAL_ACCENT_COLOR_NAME = AccentColor;
				CODE_SIGN_ENTITLEMENTS = TimedShot/TimedShot.entitlements;
				CODE_SIGN_STYLE = Automatic;
				DEVELOPMENT_ASSET_PATHS = "TimedShot/Preview\\ Content";
				DEVELOPMENT_TEAM = UUG3WHTUZF;
				ENABLE_PREVIEWS = YES;
				INFOPLIST_FILE = TimedShot/Info.plist;
				IPHONEOS_DEPLOYMENT_TARGET = 14.5;
				LD_RUNPATH_SEARCH_PATHS = (
					"$(inherited)",
					"@executable_path/Frameworks",
				);
				PRODUCT_BUNDLE_IDENTIFIER = com.dinkdonk.TimedShot;
				PRODUCT_NAME = "$(TARGET_NAME)";
				SWIFT_VERSION = 5.0;
				TARGETED_DEVICE_FAMILY = "1,2";
			};
			name = Release;
		};
		A532B6172646CF6200B07707 /* Debug */ = {
			isa = XCBuildConfiguration;
			buildSettings = {
				CODE_SIGN_ENTITLEMENTS = TimedShotIntent/TimedShotIntent.entitlements;
				CODE_SIGN_STYLE = Automatic;
				DEVELOPMENT_TEAM = UUG3WHTUZF;
				INFOPLIST_FILE = TimedShotIntent/Info.plist;
				LD_RUNPATH_SEARCH_PATHS = (
					"$(inherited)",
					"@executable_path/Frameworks",
					"@executable_path/../../Frameworks",
				);
				PRODUCT_BUNDLE_IDENTIFIER = com.dinkdonk.TimedShot.TimedShotIntent;
				PRODUCT_NAME = "$(TARGET_NAME)";
				SKIP_INSTALL = YES;
				SWIFT_VERSION = 5.0;
				TARGETED_DEVICE_FAMILY = "1,2";
			};
			name = Debug;
		};
		A532B6182646CF6200B07707 /* Release */ = {
			isa = XCBuildConfiguration;
			buildSettings = {
				CODE_SIGN_ENTITLEMENTS = TimedShotIntent/TimedShotIntent.entitlements;
				CODE_SIGN_STYLE = Automatic;
				DEVELOPMENT_TEAM = UUG3WHTUZF;
				INFOPLIST_FILE = TimedShotIntent/Info.plist;
				LD_RUNPATH_SEARCH_PATHS = (
					"$(inherited)",
					"@executable_path/Frameworks",
					"@executable_path/../../Frameworks",
				);
				PRODUCT_BUNDLE_IDENTIFIER = com.dinkdonk.TimedShot.TimedShotIntent;
				PRODUCT_NAME = "$(TARGET_NAME)";
				SKIP_INSTALL = YES;
				SWIFT_VERSION = 5.0;
				TARGETED_DEVICE_FAMILY = "1,2";
			};
			name = Release;
		};
/* End XCBuildConfiguration section */

/* Begin XCConfigurationList section */
		A532B5F02646CF2700B07707 /* Build configuration list for PBXProject "TimedShot" */ = {
			isa = XCConfigurationList;
			buildConfigurations = (
				A532B6022646CF2800B07707 /* Debug */,
				A532B6032646CF2800B07707 /* Release */,
			);
			defaultConfigurationIsVisible = 0;
			defaultConfigurationName = Release;
		};
		A532B6042646CF2800B07707 /* Build configuration list for PBXNativeTarget "TimedShot" */ = {
			isa = XCConfigurationList;
			buildConfigurations = (
				A532B6052646CF2800B07707 /* Debug */,
				A532B6062646CF2800B07707 /* Release */,
			);
			defaultConfigurationIsVisible = 0;
			defaultConfigurationName = Release;
		};
		A532B6162646CF6200B07707 /* Build configuration list for PBXNativeTarget "TimedShotIntent" */ = {
			isa = XCConfigurationList;
			buildConfigurations = (
				A532B6172646CF6200B07707 /* Debug */,
				A532B6182646CF6200B07707 /* Release */,
			);
			defaultConfigurationIsVisible = 0;
			defaultConfigurationName = Release;
		};
/* End XCConfigurationList section */
	};
	rootObject = A532B5ED2646CF2700B07707 /* Project object */;
}
